
Microsoft Visual Studio Solution File, Format Version 12.00
# Visual Studio Version 16
VisualStudioVersion = 16.0.30114.105
MinimumVisualStudioVersion = 10.0.40219.1
Project("{2150E333-8FDC-42A3-9474-1A3956D46DE8}") = "src", "src", "{560FB320-6628-4E67-9B6C-8004D1D425AF}"
EndProject
Project("{2150E333-8FDC-42A3-9474-1A3956D46DE8}") = "tests", "tests", "{B4B6BDCC-D970-4FC9-B1C9-37294FA8651B}"
EndProject
Project("{2150E333-8FDC-42A3-9474-1A3956D46DE8}") = "common", "common", "{3713E751-226D-41C9-A9BF-540F23565F66}"
ProjectSection(SolutionItems) = preProject
	.gitignore = .gitignore
	README.md = README.md
	Dockerfile = Dockerfile
	.dockerignore = .dockerignore
	Bounded Context Canvas merchendise-service.drawio = Bounded Context Canvas merchendise-service.drawio
	entrypoint.sh = entrypoint.sh
EndProjectSection
EndProject
Project("{2150E333-8FDC-42A3-9474-1A3956D46DE8}") = "tools", "tools", "{D3C4BC4D-6F9A-4367-8C3C-8D0FA8C6BDBB}"
EndProject
Project("{2150E333-8FDC-42A3-9474-1A3956D46DE8}") = ".o3", ".o3", "{E7688A24-84C3-4EAE-AB65-D6AFCB99F6A3}"
EndProject
Project("{FAE04EC0-301F-11D3-BF4B-00C04F79EFBC}") = "OzonEdu.MerchandiseService", "src\OzonEdu.MerchandiseService\OzonEdu.MerchandiseService.csproj", "{E314052F-91DE-47C7-ADB1-F1CEAB5107E7}"
EndProject
Project("{FAE04EC0-301F-11D3-BF4B-00C04F79EFBC}") = "OzonEdu.Infrastructure", "src\OzonEdu.Infrastructure\OzonEdu.Infrastructure.csproj", "{2C32150D-4FC8-459E-9D64-1FB54152FEFC}"
EndProject
Project("{FAE04EC0-301F-11D3-BF4B-00C04F79EFBC}") = "OzonEdu.MerchandiseService.HttpModels", "src\OzonEdu.MerchandiseService.HttpModels\OzonEdu.MerchandiseService.HttpModels.csproj", "{850316E8-E779-466F-ABB2-8CE944F4CC9E}"
EndProject
Project("{FAE04EC0-301F-11D3-BF4B-00C04F79EFBC}") = "OzonEdu.MerchandiseService.Grpc", "src\OzonEdu.MerchandiseService.Grpc\OzonEdu.MerchandiseService.Grpc.csproj", "{0223AFB1-174C-4CE0-9509-9466DDABF2C7}"
EndProject
Project("{FAE04EC0-301F-11D3-BF4B-00C04F79EFBC}") = "OzonEdu.MerchandiseService.HttpClients", "src\OzonEdu.MerchandiseService.HttpClients\OzonEdu.MerchandiseService.HttpClients.csproj", "{3E72F5F2-DFA9-4383-97D7-D8959C5C6C01}"
EndProject
Project("{FAE04EC0-301F-11D3-BF4B-00C04F79EFBC}") = "OzonEdu.MerchandiseService.Domain", "src\OzonEdu.MerchandiseService.Domain\OzonEdu.MerchandiseService.Domain.csproj", "{64F2B213-CB3B-4A87-9774-FDFF6D84E0B8}"
EndProject
Project("{FAE04EC0-301F-11D3-BF4B-00C04F79EFBC}") = "OzonEdu.MerchandiseService.Infrastructure", "src\OzonEdu.MerchandiseService.Infrastructure\OzonEdu.MerchandiseService.Infrastructure.csproj", "{549A587E-8E1A-4EE0-8C6A-5782464183E2}"
EndProject
Project("{FAE04EC0-301F-11D3-BF4B-00C04F79EFBC}") = "OzonEdu.MerchandiseService.Domain.Tests", "tests\OzonEdu.MerchandiseService.Domain.Tests\OzonEdu.MerchandiseService.Domain.Tests.csproj", "{76B8145D-28F6-4A08-9345-B9F1FC6D4F0E}"
EndProject
Project("{FAE04EC0-301F-11D3-BF4B-00C04F79EFBC}") = "OzonEdu.MerchandiseService.Migrator", "src\OzonEdu.MerchandiseService.Migrator\OzonEdu.MerchandiseService.Migrator.csproj", "{08B4C802-6038-4373-AA9B-B09FA7F4E0ED}"
EndProject
Project("{2150E333-8FDC-42A3-9474-1A3956D46DE8}") = "deploy", "deploy", "{1E4FE919-D0CB-4833-88EE-3039DFC659DA}"
ProjectSection(SolutionItems) = preProject
	docker-compose.yml = docker-compose.yml
EndProjectSection
EndProject
Global
	GlobalSection(SolutionConfigurationPlatforms) = preSolution
		Debug|Any CPU = Debug|Any CPU
		Release|Any CPU = Release|Any CPU
	EndGlobalSection
	GlobalSection(SolutionProperties) = preSolution
		HideSolutionNode = FALSE
	EndGlobalSection
	GlobalSection(ProjectConfigurationPlatforms) = postSolution
		{E314052F-91DE-47C7-ADB1-F1CEAB5107E7}.Debug|Any CPU.ActiveCfg = Debug|Any CPU
		{E314052F-91DE-47C7-ADB1-F1CEAB5107E7}.Debug|Any CPU.Build.0 = Debug|Any CPU
		{E314052F-91DE-47C7-ADB1-F1CEAB5107E7}.Release|Any CPU.ActiveCfg = Release|Any CPU
		{E314052F-91DE-47C7-ADB1-F1CEAB5107E7}.Release|Any CPU.Build.0 = Release|Any CPU
		{2C32150D-4FC8-459E-9D64-1FB54152FEFC}.Debug|Any CPU.ActiveCfg = Debug|Any CPU
		{2C32150D-4FC8-459E-9D64-1FB54152FEFC}.Debug|Any CPU.Build.0 = Debug|Any CPU
		{2C32150D-4FC8-459E-9D64-1FB54152FEFC}.Release|Any CPU.ActiveCfg = Release|Any CPU
		{2C32150D-4FC8-459E-9D64-1FB54152FEFC}.Release|Any CPU.Build.0 = Release|Any CPU
		{850316E8-E779-466F-ABB2-8CE944F4CC9E}.Debug|Any CPU.ActiveCfg = Debug|Any CPU
		{850316E8-E779-466F-ABB2-8CE944F4CC9E}.Debug|Any CPU.Build.0 = Debug|Any CPU
		{850316E8-E779-466F-ABB2-8CE944F4CC9E}.Release|Any CPU.ActiveCfg = Release|Any CPU
		{850316E8-E779-466F-ABB2-8CE944F4CC9E}.Release|Any CPU.Build.0 = Release|Any CPU
		{0223AFB1-174C-4CE0-9509-9466DDABF2C7}.Debug|Any CPU.ActiveCfg = Debug|Any CPU
		{0223AFB1-174C-4CE0-9509-9466DDABF2C7}.Debug|Any CPU.Build.0 = Debug|Any CPU
		{0223AFB1-174C-4CE0-9509-9466DDABF2C7}.Release|Any CPU.ActiveCfg = Release|Any CPU
		{0223AFB1-174C-4CE0-9509-9466DDABF2C7}.Release|Any CPU.Build.0 = Release|Any CPU
		{3E72F5F2-DFA9-4383-97D7-D8959C5C6C01}.Debug|Any CPU.ActiveCfg = Debug|Any CPU
		{3E72F5F2-DFA9-4383-97D7-D8959C5C6C01}.Debug|Any CPU.Build.0 = Debug|Any CPU
		{3E72F5F2-DFA9-4383-97D7-D8959C5C6C01}.Release|Any CPU.ActiveCfg = Release|Any CPU
		{3E72F5F2-DFA9-4383-97D7-D8959C5C6C01}.Release|Any CPU.Build.0 = Release|Any CPU
		{64F2B213-CB3B-4A87-9774-FDFF6D84E0B8}.Debug|Any CPU.ActiveCfg = Debug|Any CPU
		{64F2B213-CB3B-4A87-9774-FDFF6D84E0B8}.Debug|Any CPU.Build.0 = Debug|Any CPU
		{64F2B213-CB3B-4A87-9774-FDFF6D84E0B8}.Release|Any CPU.ActiveCfg = Release|Any CPU
		{64F2B213-CB3B-4A87-9774-FDFF6D84E0B8}.Release|Any CPU.Build.0 = Release|Any CPU
		{549A587E-8E1A-4EE0-8C6A-5782464183E2}.Debug|Any CPU.ActiveCfg = Debug|Any CPU
		{549A587E-8E1A-4EE0-8C6A-5782464183E2}.Debug|Any CPU.Build.0 = Debug|Any CPU
		{549A587E-8E1A-4EE0-8C6A-5782464183E2}.Release|Any CPU.ActiveCfg = Release|Any CPU
		{549A587E-8E1A-4EE0-8C6A-5782464183E2}.Release|Any CPU.Build.0 = Release|Any CPU
		{76B8145D-28F6-4A08-9345-B9F1FC6D4F0E}.Debug|Any CPU.ActiveCfg = Debug|Any CPU
		{76B8145D-28F6-4A08-9345-B9F1FC6D4F0E}.Debug|Any CPU.Build.0 = Debug|Any CPU
		{76B8145D-28F6-4A08-9345-B9F1FC6D4F0E}.Release|Any CPU.ActiveCfg = Release|Any CPU
		{76B8145D-28F6-4A08-9345-B9F1FC6D4F0E}.Release|Any CPU.Build.0 = Release|Any CPU
		{08B4C802-6038-4373-AA9B-B09FA7F4E0ED}.Debug|Any CPU.ActiveCfg = Debug|Any CPU
		{08B4C802-6038-4373-AA9B-B09FA7F4E0ED}.Debug|Any CPU.Build.0 = Debug|Any CPU
		{08B4C802-6038-4373-AA9B-B09FA7F4E0ED}.Release|Any CPU.ActiveCfg = Release|Any CPU
		{08B4C802-6038-4373-AA9B-B09FA7F4E0ED}.Release|Any CPU.Build.0 = Release|Any CPU
	EndGlobalSection
	GlobalSection(NestedProjects) = preSolution
		{E314052F-91DE-47C7-ADB1-F1CEAB5107E7} = {560FB320-6628-4E67-9B6C-8004D1D425AF}
		{2C32150D-4FC8-459E-9D64-1FB54152FEFC} = {560FB320-6628-4E67-9B6C-8004D1D425AF}
		{850316E8-E779-466F-ABB2-8CE944F4CC9E} = {560FB320-6628-4E67-9B6C-8004D1D425AF}
		{0223AFB1-174C-4CE0-9509-9466DDABF2C7} = {560FB320-6628-4E67-9B6C-8004D1D425AF}
		{3E72F5F2-DFA9-4383-97D7-D8959C5C6C01} = {560FB320-6628-4E67-9B6C-8004D1D425AF}
		{64F2B213-CB3B-4A87-9774-FDFF6D84E0B8} = {560FB320-6628-4E67-9B6C-8004D1D425AF}
		{549A587E-8E1A-4EE0-8C6A-5782464183E2} = {560FB320-6628-4E67-9B6C-8004D1D425AF}
		{76B8145D-28F6-4A08-9345-B9F1FC6D4F0E} = {B4B6BDCC-D970-4FC9-B1C9-37294FA8651B}
		{08B4C802-6038-4373-AA9B-B09FA7F4E0ED} = {560FB320-6628-4E67-9B6C-8004D1D425AF}
	EndGlobalSection
EndGlobal
