
Microsoft Visual Studio Solution File, Format Version 12.00
# Visual Studio Version 16
VisualStudioVersion = 16.0.30114.105
MinimumVisualStudioVersion = 10.0.40219.1
Project("{2150E333-8FDC-42A3-9474-1A3956D46DE8}") = "src", "src", "{560FB320-6628-4E67-9B6C-8004D1D425AF}"
EndProject
Project("{FAE04EC0-301F-11D3-BF4B-00C04F79EFBC}") = "OzonEdu.MerchandiseService", "src\merchandise-service\OzonEdu.MerchandiseService.csproj", "{D97AA30D-32B9-4952-809A-760C06AA35AE}"
EndProject
Project("{2150E333-8FDC-42A3-9474-1A3956D46DE8}") = "tests", "tests", "{B4B6BDCC-D970-4FC9-B1C9-37294FA8651B}"
EndProject
Project("{2150E333-8FDC-42A3-9474-1A3956D46DE8}") = "common", "common", "{3713E751-226D-41C9-A9BF-540F23565F66}"
ProjectSection(SolutionItems) = preProject
	.gitignore = .gitignore
	README.md = README.md
	Dockerfile = Dockerfile
	.dockerignore = .dockerignore
	docker-compose.yml = docker-compose.yml
EndProjectSection
EndProject
Project("{2150E333-8FDC-42A3-9474-1A3956D46DE8}") = "tools", "tools", "{D3C4BC4D-6F9A-4367-8C3C-8D0FA8C6BDBB}"
EndProject
Project("{2150E333-8FDC-42A3-9474-1A3956D46DE8}") = "deploy", "deploy", "{9F7C89A6-AA74-45D2-9B8B-41BEA66FC69E}"
EndProject
Project("{2150E333-8FDC-42A3-9474-1A3956D46DE8}") = ".o3", ".o3", "{E7688A24-84C3-4EAE-AB65-D6AFCB99F6A3}"
EndProject
Global
	GlobalSection(SolutionConfigurationPlatforms) = preSolution
		Debug|Any CPU = Debug|Any CPU
		Release|Any CPU = Release|Any CPU
	EndGlobalSection
	GlobalSection(SolutionProperties) = preSolution
		HideSolutionNode = FALSE
	EndGlobalSection
	GlobalSection(ProjectConfigurationPlatforms) = postSolution
		{D97AA30D-32B9-4952-809A-760C06AA35AE}.Debug|Any CPU.ActiveCfg = Debug|Any CPU
		{D97AA30D-32B9-4952-809A-760C06AA35AE}.Debug|Any CPU.Build.0 = Debug|Any CPU
		{D97AA30D-32B9-4952-809A-760C06AA35AE}.Release|Any CPU.ActiveCfg = Release|Any CPU
		{D97AA30D-32B9-4952-809A-760C06AA35AE}.Release|Any CPU.Build.0 = Release|Any CPU
	EndGlobalSection
	GlobalSection(NestedProjects) = preSolution
		{D97AA30D-32B9-4952-809A-760C06AA35AE} = {560FB320-6628-4E67-9B6C-8004D1D425AF}
	EndGlobalSection
EndGlobal
